
Microsoft Visual Studio Solution File, Format Version 12.00
# Visual Studio Version 16
VisualStudioVersion = 16.0.29926.136
MinimumVisualStudioVersion = 10.0.40219.1
Project("{FAE04EC0-301F-11D3-BF4B-00C04F79EFBC}") = "mini RPG", "mini RPG\mini RPG.csproj", "{A9A9A2B2-55A0-4AFA-8775-BF2D8663CDFE}"
EndProject
Global
	GlobalSection(SolutionConfigurationPlatforms) = preSolution
		Debug|Any CPU = Debug|Any CPU
		Release|Any CPU = Release|Any CPU
	EndGlobalSection
	GlobalSection(ProjectConfigurationPlatforms) = postSolution
		{A9A9A2B2-55A0-4AFA-8775-BF2D8663CDFE}.Debug|Any CPU.ActiveCfg = Debug|Any CPU
		{A9A9A2B2-55A0-4AFA-8775-BF2D8663CDFE}.Debug|Any CPU.Build.0 = Debug|Any CPU
		{A9A9A2B2-55A0-4AFA-8775-BF2D8663CDFE}.Release|Any CPU.ActiveCfg = Release|Any CPU
		{A9A9A2B2-55A0-4AFA-8775-BF2D8663CDFE}.Release|Any CPU.Build.0 = Release|Any CPU
	EndGlobalSection
	GlobalSection(SolutionProperties) = preSolution
		HideSolutionNode = FALSE
	EndGlobalSection
	GlobalSection(ExtensibilityGlobals) = postSolution
		SolutionGuid = {BC92DED1-FACA-4ED9-8FE4-C0E5E4FA0524}
	EndGlobalSection
EndGlobal
